
Microsoft Visual Studio Solution File, Format Version 12.00
# Visual Studio Version 16
VisualStudioVersion = 16.0.29519.87
MinimumVisualStudioVersion = 10.0.40219.1
Project("{9A19103F-16F7-4668-BE54-9A1E7A4F7556}") = "ExampleBackendApiWeb", "ExampleBackendApiWeb\ExampleBackendApiWeb.csproj", "{B80CC7B2-F746-48ED-BDC6-61D7F5EE2C94}"
EndProject
Project("{9A19103F-16F7-4668-BE54-9A1E7A4F7556}") = "ExampleBackendApiWebTests", "ExampleBackendApiWebTests\ExampleBackendApiWebTests.csproj", "{DDBB21B7-3CDD-4034-A230-CD0BAEFB256A}"
EndProject
Global
	GlobalSection(SolutionConfigurationPlatforms) = preSolution
		Debug|Any CPU = Debug|Any CPU
		Release|Any CPU = Release|Any CPU
	EndGlobalSection
	GlobalSection(ProjectConfigurationPlatforms) = postSolution
		{B80CC7B2-F746-48ED-BDC6-61D7F5EE2C94}.Debug|Any CPU.ActiveCfg = Debug|Any CPU
		{B80CC7B2-F746-48ED-BDC6-61D7F5EE2C94}.Debug|Any CPU.Build.0 = Debug|Any CPU
		{B80CC7B2-F746-48ED-BDC6-61D7F5EE2C94}.Release|Any CPU.ActiveCfg = Release|Any CPU
		{B80CC7B2-F746-48ED-BDC6-61D7F5EE2C94}.Release|Any CPU.Build.0 = Release|Any CPU
		{DDBB21B7-3CDD-4034-A230-CD0BAEFB256A}.Debug|Any CPU.ActiveCfg = Debug|Any CPU
		{DDBB21B7-3CDD-4034-A230-CD0BAEFB256A}.Debug|Any CPU.Build.0 = Debug|Any CPU
		{DDBB21B7-3CDD-4034-A230-CD0BAEFB256A}.Release|Any CPU.ActiveCfg = Release|Any CPU
		{DDBB21B7-3CDD-4034-A230-CD0BAEFB256A}.Release|Any CPU.Build.0 = Release|Any CPU
	EndGlobalSection
	GlobalSection(SolutionProperties) = preSolution
		HideSolutionNode = FALSE
	EndGlobalSection
	GlobalSection(ExtensibilityGlobals) = postSolution
		SolutionGuid = {9B2685D9-1ACD-4258-91CD-B8A95BED5890}
	EndGlobalSection
EndGlobal
